
Microsoft Visual Studio Solution File, Format Version 12.00
# Visual Studio Version 17
VisualStudioVersion = 17.6.33723.286
MinimumVisualStudioVersion = 10.0.40219.1
Project("{FAE04EC0-301F-11D3-BF4B-00C04F79EFBC}") = "BookWebApp", "BookWebApp.csproj", "{A87195A8-E8C7-471E-9975-5470DF7FA58A}"
EndProject
Global
	GlobalSection(SolutionConfigurationPlatforms) = preSolution
		Debug|Any CPU = Debug|Any CPU
		Release|Any CPU = Release|Any CPU
	EndGlobalSection
	GlobalSection(ProjectConfigurationPlatforms) = postSolution
		{A87195A8-E8C7-471E-9975-5470DF7FA58A}.Debug|Any CPU.ActiveCfg = Debug|Any CPU
		{A87195A8-E8C7-471E-9975-5470DF7FA58A}.Debug|Any CPU.Build.0 = Debug|Any CPU
		{A87195A8-E8C7-471E-9975-5470DF7FA58A}.Release|Any CPU.ActiveCfg = Release|Any CPU
		{A87195A8-E8C7-471E-9975-5470DF7FA58A}.Release|Any CPU.Build.0 = Release|Any CPU
	EndGlobalSection
	GlobalSection(SolutionProperties) = preSolution
		HideSolutionNode = FALSE
	EndGlobalSection
	GlobalSection(ExtensibilityGlobals) = postSolution
		SolutionGuid = {02D9015D-05F0-40E1-A323-8F50BC27C4FB}
	EndGlobalSection
EndGlobal
